
Microsoft Visual Studio Solution File, Format Version 12.00
# Visual Studio Version 16
VisualStudioVersion = 16.0.31702.278
MinimumVisualStudioVersion = 10.0.40219.1
Project("{9A19103F-16F7-4668-BE54-9A1E7A4F7556}") = "TaskBot_ASP", "TaskBot_ASP\TaskBot_ASP.csproj", "{8F7A5454-BEF4-4000-A29B-D75F94550625}"
EndProject
Project("{9A19103F-16F7-4668-BE54-9A1E7A4F7556}") = "ToDoList", "ToDoList\ToDoList.csproj", "{60F9A810-A2F6-48B4-B6BF-7309B629FA7B}"
EndProject
Global
	GlobalSection(SolutionConfigurationPlatforms) = preSolution
		Debug|Any CPU = Debug|Any CPU
		Release|Any CPU = Release|Any CPU
	EndGlobalSection
	GlobalSection(ProjectConfigurationPlatforms) = postSolution
		{8F7A5454-BEF4-4000-A29B-D75F94550625}.Debug|Any CPU.ActiveCfg = Debug|Any CPU
		{8F7A5454-BEF4-4000-A29B-D75F94550625}.Debug|Any CPU.Build.0 = Debug|Any CPU
		{8F7A5454-BEF4-4000-A29B-D75F94550625}.Release|Any CPU.ActiveCfg = Release|Any CPU
		{8F7A5454-BEF4-4000-A29B-D75F94550625}.Release|Any CPU.Build.0 = Release|Any CPU
		{60F9A810-A2F6-48B4-B6BF-7309B629FA7B}.Debug|Any CPU.ActiveCfg = Debug|Any CPU
		{60F9A810-A2F6-48B4-B6BF-7309B629FA7B}.Debug|Any CPU.Build.0 = Debug|Any CPU
		{60F9A810-A2F6-48B4-B6BF-7309B629FA7B}.Release|Any CPU.ActiveCfg = Release|Any CPU
		{60F9A810-A2F6-48B4-B6BF-7309B629FA7B}.Release|Any CPU.Build.0 = Release|Any CPU
	EndGlobalSection
	GlobalSection(SolutionProperties) = preSolution
		HideSolutionNode = FALSE
	EndGlobalSection
	GlobalSection(ExtensibilityGlobals) = postSolution
		SolutionGuid = {79D8C72B-38D1-4C66-A6F9-FCE8C8EBB650}
	EndGlobalSection
EndGlobal
